
Microsoft Visual Studio Solution File, Format Version 12.00
# Visual Studio Version 17
VisualStudioVersion = 17.1.32210.238
MinimumVisualStudioVersion = 10.0.40219.1
Project("{2150E333-8FDC-42A3-9474-1A3956D46DE8}") = "Microservices", "Microservices", "{CC07BEA7-F311-449B-BC35-0600EA7E93E7}"
EndProject
Project("{9A19103F-16F7-4668-BE54-9A1E7A4F7556}") = "Gateway.WebApi", "Gateway.WebApi\Gateway.WebApi.csproj", "{49EE472D-A1C2-4BD9-9A51-E2DC0E0B7C88}"
EndProject
Project("{2150E333-8FDC-42A3-9474-1A3956D46DE8}") = "MultiTenancy", "MultiTenancy", "{FAA1492A-3100-4AAA-89F6-9D4DFD4BE1A2}"
EndProject
Project("{2150E333-8FDC-42A3-9474-1A3956D46DE8}") = "Facebook", "Facebook", "{33316831-E2C2-4FCF-9B73-D7A0869136A7}"
EndProject
Project("{9A19103F-16F7-4668-BE54-9A1E7A4F7556}") = "SNS.Facebook.Application", "Facebook\Core\Facebook.Application\SNS.Facebook.Application.csproj", "{7C1D253F-F6C0-473E-9D23-F0C80BE87E01}"
EndProject
Project("{9A19103F-16F7-4668-BE54-9A1E7A4F7556}") = "SNS.Facebook.Domain", "Facebook\Core\Facebook.Domain\SNS.Facebook.Domain.csproj", "{0106F490-9445-4EF9-A88E-3982E7EF9F14}"
EndProject
Project("{9A19103F-16F7-4668-BE54-9A1E7A4F7556}") = "SNS.Facebook.Infrastructure", "Facebook\External\Facebook.Infrastructure\SNS.Facebook.Infrastructure.csproj", "{C413F143-68AA-48CB-B1CC-AAAA3C034E1A}"
EndProject
Project("{9A19103F-16F7-4668-BE54-9A1E7A4F7556}") = "SNS.Facebook.Presentation", "Facebook\External\Facebook.Presentation\SNS.Facebook.Presentation.csproj", "{57A26A04-7DA1-4A8D-BF00-FD6C7CEA45CF}"
EndProject
Project("{9A19103F-16F7-4668-BE54-9A1E7A4F7556}") = "Architecture.Tests", "Facebook\Tests\Architecture.Tests\Architecture.Tests.csproj", "{88D57671-D353-4297-8E9E-EF72881FF86F}"
EndProject
Project("{9A19103F-16F7-4668-BE54-9A1E7A4F7556}") = "Unit.Tests", "Facebook\Tests\Unit.Tests\Unit.Tests.csproj", "{91D78A79-98F0-4789-AFAA-49E19913D7B6}"
EndProject
Project("{9A19103F-16F7-4668-BE54-9A1E7A4F7556}") = "Application", "Multitenancy\src\Core\Application\Application.csproj", "{571109F6-E239-4607-BC64-571232775A61}"
EndProject
Project("{9A19103F-16F7-4668-BE54-9A1E7A4F7556}") = "Domain", "Multitenancy\src\Core\Domain\Domain.csproj", "{17D84E7E-AFDA-4068-9AE4-14C71A1BBD71}"
EndProject
Project("{9A19103F-16F7-4668-BE54-9A1E7A4F7556}") = "Shared", "Multitenancy\src\Core\Shared\Shared.csproj", "{DF67F291-D28A-4619-9EB7-C7DDD263DE2E}"
EndProject
Project("{9A19103F-16F7-4668-BE54-9A1E7A4F7556}") = "Host", "Multitenancy\src\Host\Host.csproj", "{7FEE7259-B6FC-467C-8FAB-2B760550C48F}"
EndProject
Project("{9A19103F-16F7-4668-BE54-9A1E7A4F7556}") = "Infrastructure", "Multitenancy\src\Infrastructure\Infrastructure.csproj", "{1745A6DE-3CD0-4618-8624-535A8D0B3BEE}"
EndProject
Project("{9A19103F-16F7-4668-BE54-9A1E7A4F7556}") = "Migrators.MSSQL", "Multitenancy\src\Migrators\Migrators.MSSQL\Migrators.MSSQL.csproj", "{2A8BF83A-A9F5-491D-8531-53D03F400D8D}"
EndProject
Project("{9A19103F-16F7-4668-BE54-9A1E7A4F7556}") = "Migrators.MySQL", "Multitenancy\src\Migrators\Migrators.MySQL\Migrators.MySQL.csproj", "{17A2C88B-3E9B-4110-BCFD-2E5EF929EE03}"
EndProject
Project("{9A19103F-16F7-4668-BE54-9A1E7A4F7556}") = "Migrators.Oracle", "Multitenancy\src\Migrators\Migrators.Oracle\Migrators.Oracle.csproj", "{F7F03B47-A971-414C-8255-DADED4D39634}"
EndProject
Project("{9A19103F-16F7-4668-BE54-9A1E7A4F7556}") = "Migrators.PostgreSQL", "Multitenancy\src\Migrators\Migrators.PostgreSQL\Migrators.PostgreSQL.csproj", "{E9AC9714-83CC-4DCC-9647-6249C0F22C5C}"
EndProject
Project("{9A19103F-16F7-4668-BE54-9A1E7A4F7556}") = "Infrastructure.Test", "Multitenancy\tests\Infrastructure.Test\Infrastructure.Test.csproj", "{55E80090-A0AA-41BB-890A-A14B25055FE9}"
EndProject
Global
	GlobalSection(SolutionConfigurationPlatforms) = preSolution
		Debug|Any CPU = Debug|Any CPU
		Release|Any CPU = Release|Any CPU
	EndGlobalSection
	GlobalSection(ProjectConfigurationPlatforms) = postSolution
		{49EE472D-A1C2-4BD9-9A51-E2DC0E0B7C88}.Debug|Any CPU.ActiveCfg = Debug|Any CPU
		{49EE472D-A1C2-4BD9-9A51-E2DC0E0B7C88}.Debug|Any CPU.Build.0 = Debug|Any CPU
		{49EE472D-A1C2-4BD9-9A51-E2DC0E0B7C88}.Release|Any CPU.ActiveCfg = Release|Any CPU
		{49EE472D-A1C2-4BD9-9A51-E2DC0E0B7C88}.Release|Any CPU.Build.0 = Release|Any CPU
		{7C1D253F-F6C0-473E-9D23-F0C80BE87E01}.Debug|Any CPU.ActiveCfg = Debug|Any CPU
		{7C1D253F-F6C0-473E-9D23-F0C80BE87E01}.Debug|Any CPU.Build.0 = Debug|Any CPU
		{7C1D253F-F6C0-473E-9D23-F0C80BE87E01}.Release|Any CPU.ActiveCfg = Release|Any CPU
		{7C1D253F-F6C0-473E-9D23-F0C80BE87E01}.Release|Any CPU.Build.0 = Release|Any CPU
		{0106F490-9445-4EF9-A88E-3982E7EF9F14}.Debug|Any CPU.ActiveCfg = Debug|Any CPU
		{0106F490-9445-4EF9-A88E-3982E7EF9F14}.Debug|Any CPU.Build.0 = Debug|Any CPU
		{0106F490-9445-4EF9-A88E-3982E7EF9F14}.Release|Any CPU.ActiveCfg = Release|Any CPU
		{0106F490-9445-4EF9-A88E-3982E7EF9F14}.Release|Any CPU.Build.0 = Release|Any CPU
		{C413F143-68AA-48CB-B1CC-AAAA3C034E1A}.Debug|Any CPU.ActiveCfg = Debug|Any CPU
		{C413F143-68AA-48CB-B1CC-AAAA3C034E1A}.Debug|Any CPU.Build.0 = Debug|Any CPU
		{C413F143-68AA-48CB-B1CC-AAAA3C034E1A}.Release|Any CPU.ActiveCfg = Release|Any CPU
		{C413F143-68AA-48CB-B1CC-AAAA3C034E1A}.Release|Any CPU.Build.0 = Release|Any CPU
		{57A26A04-7DA1-4A8D-BF00-FD6C7CEA45CF}.Debug|Any CPU.ActiveCfg = Debug|Any CPU
		{57A26A04-7DA1-4A8D-BF00-FD6C7CEA45CF}.Debug|Any CPU.Build.0 = Debug|Any CPU
		{57A26A04-7DA1-4A8D-BF00-FD6C7CEA45CF}.Release|Any CPU.ActiveCfg = Release|Any CPU
		{57A26A04-7DA1-4A8D-BF00-FD6C7CEA45CF}.Release|Any CPU.Build.0 = Release|Any CPU
		{88D57671-D353-4297-8E9E-EF72881FF86F}.Debug|Any CPU.ActiveCfg = Debug|Any CPU
		{88D57671-D353-4297-8E9E-EF72881FF86F}.Debug|Any CPU.Build.0 = Debug|Any CPU
		{88D57671-D353-4297-8E9E-EF72881FF86F}.Release|Any CPU.ActiveCfg = Release|Any CPU
		{88D57671-D353-4297-8E9E-EF72881FF86F}.Release|Any CPU.Build.0 = Release|Any CPU
		{91D78A79-98F0-4789-AFAA-49E19913D7B6}.Debug|Any CPU.ActiveCfg = Debug|Any CPU
		{91D78A79-98F0-4789-AFAA-49E19913D7B6}.Debug|Any CPU.Build.0 = Debug|Any CPU
		{91D78A79-98F0-4789-AFAA-49E19913D7B6}.Release|Any CPU.ActiveCfg = Release|Any CPU
		{91D78A79-98F0-4789-AFAA-49E19913D7B6}.Release|Any CPU.Build.0 = Release|Any CPU
		{571109F6-E239-4607-BC64-571232775A61}.Debug|Any CPU.ActiveCfg = Debug|Any CPU
		{571109F6-E239-4607-BC64-571232775A61}.Debug|Any CPU.Build.0 = Debug|Any CPU
		{571109F6-E239-4607-BC64-571232775A61}.Release|Any CPU.ActiveCfg = Release|Any CPU
		{571109F6-E239-4607-BC64-571232775A61}.Release|Any CPU.Build.0 = Release|Any CPU
		{17D84E7E-AFDA-4068-9AE4-14C71A1BBD71}.Debug|Any CPU.ActiveCfg = Debug|Any CPU
		{17D84E7E-AFDA-4068-9AE4-14C71A1BBD71}.Debug|Any CPU.Build.0 = Debug|Any CPU
		{17D84E7E-AFDA-4068-9AE4-14C71A1BBD71}.Release|Any CPU.ActiveCfg = Release|Any CPU
		{17D84E7E-AFDA-4068-9AE4-14C71A1BBD71}.Release|Any CPU.Build.0 = Release|Any CPU
		{DF67F291-D28A-4619-9EB7-C7DDD263DE2E}.Debug|Any CPU.ActiveCfg = Debug|Any CPU
		{DF67F291-D28A-4619-9EB7-C7DDD263DE2E}.Debug|Any CPU.Build.0 = Debug|Any CPU
		{DF67F291-D28A-4619-9EB7-C7DDD263DE2E}.Release|Any CPU.ActiveCfg = Release|Any CPU
		{DF67F291-D28A-4619-9EB7-C7DDD263DE2E}.Release|Any CPU.Build.0 = Release|Any CPU
		{7FEE7259-B6FC-467C-8FAB-2B760550C48F}.Debug|Any CPU.ActiveCfg = Debug|Any CPU
		{7FEE7259-B6FC-467C-8FAB-2B760550C48F}.Debug|Any CPU.Build.0 = Debug|Any CPU
		{7FEE7259-B6FC-467C-8FAB-2B760550C48F}.Release|Any CPU.ActiveCfg = Release|Any CPU
		{7FEE7259-B6FC-467C-8FAB-2B760550C48F}.Release|Any CPU.Build.0 = Release|Any CPU
		{1745A6DE-3CD0-4618-8624-535A8D0B3BEE}.Debug|Any CPU.ActiveCfg = Debug|Any CPU
		{1745A6DE-3CD0-4618-8624-535A8D0B3BEE}.Debug|Any CPU.Build.0 = Debug|Any CPU
		{1745A6DE-3CD0-4618-8624-535A8D0B3BEE}.Release|Any CPU.ActiveCfg = Release|Any CPU
		{1745A6DE-3CD0-4618-8624-535A8D0B3BEE}.Release|Any CPU.Build.0 = Release|Any CPU
		{2A8BF83A-A9F5-491D-8531-53D03F400D8D}.Debug|Any CPU.ActiveCfg = Debug|Any CPU
		{2A8BF83A-A9F5-491D-8531-53D03F400D8D}.Debug|Any CPU.Build.0 = Debug|Any CPU
		{2A8BF83A-A9F5-491D-8531-53D03F400D8D}.Release|Any CPU.ActiveCfg = Release|Any CPU
		{2A8BF83A-A9F5-491D-8531-53D03F400D8D}.Release|Any CPU.Build.0 = Release|Any CPU
		{17A2C88B-3E9B-4110-BCFD-2E5EF929EE03}.Debug|Any CPU.ActiveCfg = Debug|Any CPU
		{17A2C88B-3E9B-4110-BCFD-2E5EF929EE03}.Debug|Any CPU.Build.0 = Debug|Any CPU
		{17A2C88B-3E9B-4110-BCFD-2E5EF929EE03}.Release|Any CPU.ActiveCfg = Release|Any CPU
		{17A2C88B-3E9B-4110-BCFD-2E5EF929EE03}.Release|Any CPU.Build.0 = Release|Any CPU
		{F7F03B47-A971-414C-8255-DADED4D39634}.Debug|Any CPU.ActiveCfg = Debug|Any CPU
		{F7F03B47-A971-414C-8255-DADED4D39634}.Debug|Any CPU.Build.0 = Debug|Any CPU
		{F7F03B47-A971-414C-8255-DADED4D39634}.Release|Any CPU.ActiveCfg = Release|Any CPU
		{F7F03B47-A971-414C-8255-DADED4D39634}.Release|Any CPU.Build.0 = Release|Any CPU
		{E9AC9714-83CC-4DCC-9647-6249C0F22C5C}.Debug|Any CPU.ActiveCfg = Debug|Any CPU
		{E9AC9714-83CC-4DCC-9647-6249C0F22C5C}.Debug|Any CPU.Build.0 = Debug|Any CPU
		{E9AC9714-83CC-4DCC-9647-6249C0F22C5C}.Release|Any CPU.ActiveCfg = Release|Any CPU
		{E9AC9714-83CC-4DCC-9647-6249C0F22C5C}.Release|Any CPU.Build.0 = Release|Any CPU
		{55E80090-A0AA-41BB-890A-A14B25055FE9}.Debug|Any CPU.ActiveCfg = Debug|Any CPU
		{55E80090-A0AA-41BB-890A-A14B25055FE9}.Debug|Any CPU.Build.0 = Debug|Any CPU
		{55E80090-A0AA-41BB-890A-A14B25055FE9}.Release|Any CPU.ActiveCfg = Release|Any CPU
		{55E80090-A0AA-41BB-890A-A14B25055FE9}.Release|Any CPU.Build.0 = Release|Any CPU
	EndGlobalSection
	GlobalSection(SolutionProperties) = preSolution
		HideSolutionNode = FALSE
	EndGlobalSection
	GlobalSection(NestedProjects) = preSolution
		{FAA1492A-3100-4AAA-89F6-9D4DFD4BE1A2} = {CC07BEA7-F311-449B-BC35-0600EA7E93E7}
		{33316831-E2C2-4FCF-9B73-D7A0869136A7} = {CC07BEA7-F311-449B-BC35-0600EA7E93E7}
		{7C1D253F-F6C0-473E-9D23-F0C80BE87E01} = {33316831-E2C2-4FCF-9B73-D7A0869136A7}
		{0106F490-9445-4EF9-A88E-3982E7EF9F14} = {33316831-E2C2-4FCF-9B73-D7A0869136A7}
		{C413F143-68AA-48CB-B1CC-AAAA3C034E1A} = {33316831-E2C2-4FCF-9B73-D7A0869136A7}
		{57A26A04-7DA1-4A8D-BF00-FD6C7CEA45CF} = {33316831-E2C2-4FCF-9B73-D7A0869136A7}
		{88D57671-D353-4297-8E9E-EF72881FF86F} = {33316831-E2C2-4FCF-9B73-D7A0869136A7}
		{91D78A79-98F0-4789-AFAA-49E19913D7B6} = {33316831-E2C2-4FCF-9B73-D7A0869136A7}
		{571109F6-E239-4607-BC64-571232775A61} = {FAA1492A-3100-4AAA-89F6-9D4DFD4BE1A2}
		{17D84E7E-AFDA-4068-9AE4-14C71A1BBD71} = {FAA1492A-3100-4AAA-89F6-9D4DFD4BE1A2}
		{DF67F291-D28A-4619-9EB7-C7DDD263DE2E} = {FAA1492A-3100-4AAA-89F6-9D4DFD4BE1A2}
		{7FEE7259-B6FC-467C-8FAB-2B760550C48F} = {FAA1492A-3100-4AAA-89F6-9D4DFD4BE1A2}
		{1745A6DE-3CD0-4618-8624-535A8D0B3BEE} = {FAA1492A-3100-4AAA-89F6-9D4DFD4BE1A2}
		{2A8BF83A-A9F5-491D-8531-53D03F400D8D} = {FAA1492A-3100-4AAA-89F6-9D4DFD4BE1A2}
		{17A2C88B-3E9B-4110-BCFD-2E5EF929EE03} = {FAA1492A-3100-4AAA-89F6-9D4DFD4BE1A2}
		{F7F03B47-A971-414C-8255-DADED4D39634} = {FAA1492A-3100-4AAA-89F6-9D4DFD4BE1A2}
		{E9AC9714-83CC-4DCC-9647-6249C0F22C5C} = {FAA1492A-3100-4AAA-89F6-9D4DFD4BE1A2}
		{55E80090-A0AA-41BB-890A-A14B25055FE9} = {FAA1492A-3100-4AAA-89F6-9D4DFD4BE1A2}
	EndGlobalSection
	GlobalSection(ExtensibilityGlobals) = postSolution
		SolutionGuid = {CED95B48-5EDA-4F6C-9901-9AD63001DE37}
	EndGlobalSection
EndGlobal
